<?xml version="1.0" encoding="utf-8"?>
<Project ToolsVersion="4.0" xmlns="http://schemas.microsoft.com/developer/msbuild/2003">
  <ItemGroup>
    <Filter Include="소스 파일">
      <UniqueIdentifier>{4FC737F1-C7A5-4376-A066-2A32D752A2FF}</UniqueIdentifier>
      <Extensions>cpp;c;cc;cxx;c++;cppm;ixx;def;odl;idl;hpj;bat;asm;asmx</Extensions>
    </Filter>
    <Filter Include="헤더 파일">
      <UniqueIdentifier>{93995380-89BD-4b04-88EB-625FBE52EBFB}</UniqueIdentifier>
      <Extensions>h;hh;hpp;hxx;h++;hm;inl;inc;ipp;xsd</Extensions>
    </Filter>
    <Filter Include="리소스 파일">
      <UniqueIdentifier>{67DA6AB6-F800-4c08-8B7A-83BB121AAD01}</UniqueIdentifier>
      <Extensions>rc;ico;cur;bmp;dlg;rc2;rct;bin;rgs;gif;jpg;jpeg;jpe;resx;tiff;tif;png;wav;mfcribbon-ms</Extensions>
    </Filter>
    <Filter Include="소스 파일\Class 1">
      <UniqueIdentifier>{c568ede3-e101-48a6-840c-874de2f284b9}</UniqueIdentifier>
    </Filter>
    <Filter Include="소스 파일\Class 2">
      <UniqueIdentifier>{3f864a06-1633-474e-ac32-ccdaa453503f}</UniqueIdentifier>
    </Filter>
    <Filter Include="소스 파일\Class 2\B1">
      <UniqueIdentifier>{fa78d3b1-8d59-4140-90a7-364ad229e602}</UniqueIdentifier>
    </Filter>
    <Filter Include="소스 파일\Class 1\Seed">
      <UniqueIdentifier>{e56ffef5-0fc9-4b68-b666-4b9b3da99b4f}</UniqueIdentifier>
    </Filter>
    <Filter Include="소스 파일\Class 1\B1">
      <UniqueIdentifier>{11fe2e18-0df1-4dfc-8865-7ccd7c8c99b1}</UniqueIdentifier>
    </Filter>
    <Filter Include="소스 파일\Class 1\B2">
      <UniqueIdentifier>{ecbf4da5-0f53-4f51-b0d8-43a35f1dfd1a}</UniqueIdentifier>
    </Filter>
    <Filter Include="소스 파일\Class 1\B3">
      <UniqueIdentifier>{1a5f7e80-4a26-46dc-9552-8c0bb0029eb7}</UniqueIdentifier>
    </Filter>
    <Filter Include="소스 파일\Class 1\B4">
      <UniqueIdentifier>{db5ee07c-fe5a-4a22-92a5-f17a61903f59}</UniqueIdentifier>
    </Filter>
  </ItemGroup>
  <ItemGroup>
    <ClCompile Include="1546_평균.cpp">
      <Filter>소스 파일\Class 2\B1</Filter>
    </ClCompile>
    <ClCompile Include="1152_단어의 개수.cpp">
      <Filter>소스 파일\Class 1\B2</Filter>
    </ClCompile>
    <ClCompile Include="1157_단어공부.cpp">
      <Filter>소스 파일\Class 1\B1</Filter>
    </ClCompile>
    <ClCompile Include="2439_별 찍기 2.cpp">
      <Filter>소스 파일\Class 1\B4</Filter>
    </ClCompile>
    <ClCompile Include="2562_최댓값.cpp">
      <Filter>소스 파일\Class 1\B3</Filter>
    </ClCompile>
    <ClCompile Include="2577_숫자의 개수.cpp">
      <Filter>소스 파일\Class 1\B2</Filter>
    </ClCompile>
    <ClCompile Include="2675_문자열 반복.cpp">
      <Filter>소스 파일\Class 1\B2</Filter>
    </ClCompile>
    <ClCompile Include="2920_음계.cpp">
      <Filter>소스 파일\Class 1\B2</Filter>
    </ClCompile>
    <ClCompile Include="3052_나머지.cpp">
      <Filter>소스 파일\Class 1\B2</Filter>
    </ClCompile>
    <ClCompile Include="8958_OX퀴즈.cpp">
      <Filter>소스 파일\Class 1\B2</Filter>
    </ClCompile>
    <ClCompile Include="10250_ACM 호텔.cpp">
      <Filter>소스 파일\Class 1\B3</Filter>
    </ClCompile>
    <ClCompile Include="10809_알파벳 찾기.cpp">
      <Filter>소스 파일\Class 1\B2</Filter>
    </ClCompile>
    <ClCompile Include="10818_최소, 최대.cpp">
      <Filter>소스 파일\Class 1\B3</Filter>
    </ClCompile>
    <ClCompile Include="10871_X보다 작은 수.cpp">
      <Filter>소스 파일\Class 1\Seed</Filter>
    </ClCompile>
    <ClCompile Include="11720_숫자의 합.cpp">
      <Filter>소스 파일\Class 1\B4</Filter>
    </ClCompile>
    <ClCompile Include="25083_새싹.cpp">
      <Filter>소스 파일\Class 1\Seed</Filter>
    </ClCompile>
    <ClCompile Include="27866_문자와 문자열.cpp">
      <Filter>소스 파일\Class 1\Seed</Filter>
    </ClCompile>
  </ItemGroup>
</Project>